// !$*UTF8*$!
{
	archiveVersion = 1;
	classes = {
	};
	objectVersion = 50;
	objects = {

/* Begin PBXBuildFile section */
		A504960923C120C3008F3069 /* FeatherTests.xctest in Resources */ = {isa = PBXBuildFile; fileRef = A50EAEB123C11DBD000DBF40 /* FeatherTests.xctest */; };
		A50EAEB423C11DBD000DBF40 /* FeatherTests.swift in Sources */ = {isa = PBXBuildFile; fileRef = A50EAEB323C11DBD000DBF40 /* FeatherTests.swift */; };
		A50EAEB623C11DBD000DBF40 /* Feather.framework in Frameworks */ = {isa = PBXBuildFile; fileRef = C38988C8238494E20019BFF5 /* Feather.framework */; };
		A536A9FB23BFE6970011DD7D /* FeatherAppKit.framework in Frameworks */ = {isa = PBXBuildFile; fileRef = A536A9F223BFE6970011DD7D /* FeatherAppKit.framework */; };
		A536AA0023BFE6970011DD7D /* FeatherAppKitTests.swift in Sources */ = {isa = PBXBuildFile; fileRef = A536A9FF23BFE6970011DD7D /* FeatherAppKitTests.swift */; };
		A536AA0223BFE6970011DD7D /* FeatherAppKit.h in Headers */ = {isa = PBXBuildFile; fileRef = A536A9F423BFE6970011DD7D /* FeatherAppKit.h */; settings = {ATTRIBUTES = (Public, ); }; };
		A595AB7E23C2A55200C4DA12 /* froala.html in Resources */ = {isa = PBXBuildFile; fileRef = A595AB7A23C2A55200C4DA12 /* froala.html */; };
		A595AB7F23C2A55200C4DA12 /* froala.html in Resources */ = {isa = PBXBuildFile; fileRef = A595AB7A23C2A55200C4DA12 /* froala.html */; };
		A595AB8023C2A55200C4DA12 /* froala_editor.pkgd.min.js in Resources */ = {isa = PBXBuildFile; fileRef = A595AB7B23C2A55200C4DA12 /* froala_editor.pkgd.min.js */; };
		A595AB8123C2A55200C4DA12 /* froala_editor.pkgd.min.js in Resources */ = {isa = PBXBuildFile; fileRef = A595AB7B23C2A55200C4DA12 /* froala_editor.pkgd.min.js */; };
		A595AB8223C2A55200C4DA12 /* froala_editor.pkgd.min.css in Resources */ = {isa = PBXBuildFile; fileRef = A595AB7C23C2A55200C4DA12 /* froala_editor.pkgd.min.css */; };
		A595AB8323C2A55200C4DA12 /* froala_editor.pkgd.min.css in Resources */ = {isa = PBXBuildFile; fileRef = A595AB7C23C2A55200C4DA12 /* froala_editor.pkgd.min.css */; };
		A595AB8423C2A55200C4DA12 /* quill.html in Resources */ = {isa = PBXBuildFile; fileRef = A595AB7D23C2A55200C4DA12 /* quill.html */; };
		A595AB8523C2A55200C4DA12 /* quill.html in Resources */ = {isa = PBXBuildFile; fileRef = A595AB7D23C2A55200C4DA12 /* quill.html */; };
		C350FA5D23BFF7BF005F0CF6 /* TextEditor.swift in Sources */ = {isa = PBXBuildFile; fileRef = C350FA5A23BFF7BF005F0CF6 /* TextEditor.swift */; };
		C350FA5E23BFF7BF005F0CF6 /* TextEditor.swift in Sources */ = {isa = PBXBuildFile; fileRef = C350FA5A23BFF7BF005F0CF6 /* TextEditor.swift */; };
		C350FA5F23BFF7BF005F0CF6 /* JSCommands.swift in Sources */ = {isa = PBXBuildFile; fileRef = C350FA5B23BFF7BF005F0CF6 /* JSCommands.swift */; };
		C350FA6023BFF7BF005F0CF6 /* JSCommands.swift in Sources */ = {isa = PBXBuildFile; fileRef = C350FA5B23BFF7BF005F0CF6 /* JSCommands.swift */; };
		C350FA9023C004A9005F0CF6 /* FeatherAppKitTests.xctest in Resources */ = {isa = PBXBuildFile; fileRef = A536A9FA23BFE6970011DD7D /* FeatherAppKitTests.xctest */; };
		C352106723C54B620076EEB6 /* fr-view.html in Resources */ = {isa = PBXBuildFile; fileRef = C352106623C54B620076EEB6 /* fr-view.html */; };
		C352106823C54B620076EEB6 /* fr-view.html in Resources */ = {isa = PBXBuildFile; fileRef = C352106623C54B620076EEB6 /* fr-view.html */; };
		C358DE1223C6D78500E1E9EC /* TextViewer.swift in Sources */ = {isa = PBXBuildFile; fileRef = C358DE1123C6D78500E1E9EC /* TextViewer.swift */; };
		C358DE1323C6D78500E1E9EC /* TextViewer.swift in Sources */ = {isa = PBXBuildFile; fileRef = C358DE1123C6D78500E1E9EC /* TextViewer.swift */; };
		C3646239242B595D00A85A44 /* dark.css in Resources */ = {isa = PBXBuildFile; fileRef = C3646238242B595D00A85A44 /* dark.css */; };
		C364623A242B595D00A85A44 /* dark.css in Resources */ = {isa = PBXBuildFile; fileRef = C3646238242B595D00A85A44 /* dark.css */; };
		C364623C242B596400A85A44 /* light.css in Resources */ = {isa = PBXBuildFile; fileRef = C364623B242B596400A85A44 /* light.css */; };
		C364623D242B596400A85A44 /* light.css in Resources */ = {isa = PBXBuildFile; fileRef = C364623B242B596400A85A44 /* light.css */; };
		C38988CD238494E20019BFF5 /* Feather.h in Headers */ = {isa = PBXBuildFile; fileRef = C38988CB238494E20019BFF5 /* Feather.h */; settings = {ATTRIBUTES = (Public, ); }; };
		C3D8AC9E23FE1E6500DDBA70 /* plugins.pkgd.min.js in Resources */ = {isa = PBXBuildFile; fileRef = C3D8AC9C23FE1E6500DDBA70 /* plugins.pkgd.min.js */; };
		C3D8AC9F23FE1E6500DDBA70 /* plugins.pkgd.min.js in Resources */ = {isa = PBXBuildFile; fileRef = C3D8AC9C23FE1E6500DDBA70 /* plugins.pkgd.min.js */; };
		C3D8ACA023FE1E6500DDBA70 /* plugins.pkgd.min.css in Resources */ = {isa = PBXBuildFile; fileRef = C3D8AC9D23FE1E6500DDBA70 /* plugins.pkgd.min.css */; };
		C3D8ACA123FE1E6500DDBA70 /* plugins.pkgd.min.css in Resources */ = {isa = PBXBuildFile; fileRef = C3D8AC9D23FE1E6500DDBA70 /* plugins.pkgd.min.css */; };
		C3D8ACA623FE1E7100DDBA70 /* dark.min.css in Resources */ = {isa = PBXBuildFile; fileRef = C3D8ACA323FE1E7100DDBA70 /* dark.min.css */; };
		C3D8ACA723FE1E7100DDBA70 /* dark.min.css in Resources */ = {isa = PBXBuildFile; fileRef = C3D8ACA323FE1E7100DDBA70 /* dark.min.css */; };
		C3D8ACA823FE1E7100DDBA70 /* gray.min.css in Resources */ = {isa = PBXBuildFile; fileRef = C3D8ACA423FE1E7100DDBA70 /* gray.min.css */; };
		C3D8ACA923FE1E7100DDBA70 /* gray.min.css in Resources */ = {isa = PBXBuildFile; fileRef = C3D8ACA423FE1E7100DDBA70 /* gray.min.css */; };
		C3D8ACAA23FE1E7100DDBA70 /* royal.min.css in Resources */ = {isa = PBXBuildFile; fileRef = C3D8ACA523FE1E7100DDBA70 /* royal.min.css */; };
		C3D8ACAB23FE1E7100DDBA70 /* royal.min.css in Resources */ = {isa = PBXBuildFile; fileRef = C3D8ACA523FE1E7100DDBA70 /* royal.min.css */; };
		C3D9E8A423C9106B00516267 /* froala_style.min.css in Resources */ = {isa = PBXBuildFile; fileRef = C3D9E8A323C9106B00516267 /* froala_style.min.css */; };
		C3D9E8A523C9106B00516267 /* froala_style.min.css in Resources */ = {isa = PBXBuildFile; fileRef = C3D9E8A323C9106B00516267 /* froala_style.min.css */; };
/* End PBXBuildFile section */

/* Begin PBXContainerItemProxy section */
		A50EAEB723C11DBD000DBF40 /* PBXContainerItemProxy */ = {
			isa = PBXContainerItemProxy;
			containerPortal = C38988BF238494E20019BFF5 /* Project object */;
			proxyType = 1;
			remoteGlobalIDString = C38988C7238494E20019BFF5;
			remoteInfo = Feather;
		};
		A536A9FC23BFE6970011DD7D /* PBXContainerItemProxy */ = {
			isa = PBXContainerItemProxy;
			containerPortal = C38988BF238494E20019BFF5 /* Project object */;
			proxyType = 1;
			remoteGlobalIDString = A536A9F123BFE6970011DD7D;
			remoteInfo = featherAppKit;
		};
/* End PBXContainerItemProxy section */

/* Begin PBXFileReference section */
		A50EAEB123C11DBD000DBF40 /* FeatherTests.xctest */ = {isa = PBXFileReference; explicitFileType = wrapper.cfbundle; includeInIndex = 0; path = FeatherTests.xctest; sourceTree = BUILT_PRODUCTS_DIR; };
		A50EAEB323C11DBD000DBF40 /* FeatherTests.swift */ = {isa = PBXFileReference; lastKnownFileType = sourcecode.swift; path = FeatherTests.swift; sourceTree = "<group>"; };
		A50EAEB523C11DBD000DBF40 /* Info.plist */ = {isa = PBXFileReference; lastKnownFileType = text.plist.xml; path = Info.plist; sourceTree = "<group>"; };
		A536A9F223BFE6970011DD7D /* FeatherAppKit.framework */ = {isa = PBXFileReference; explicitFileType = wrapper.framework; includeInIndex = 0; path = FeatherAppKit.framework; sourceTree = BUILT_PRODUCTS_DIR; };
		A536A9F423BFE6970011DD7D /* FeatherAppKit.h */ = {isa = PBXFileReference; lastKnownFileType = sourcecode.c.h; path = FeatherAppKit.h; sourceTree = "<group>"; };
		A536A9F523BFE6970011DD7D /* Info.plist */ = {isa = PBXFileReference; lastKnownFileType = text.plist.xml; path = Info.plist; sourceTree = "<group>"; };
		A536A9FA23BFE6970011DD7D /* FeatherAppKitTests.xctest */ = {isa = PBXFileReference; explicitFileType = wrapper.cfbundle; includeInIndex = 0; path = FeatherAppKitTests.xctest; sourceTree = BUILT_PRODUCTS_DIR; };
		A536A9FF23BFE6970011DD7D /* FeatherAppKitTests.swift */ = {isa = PBXFileReference; lastKnownFileType = sourcecode.swift; path = FeatherAppKitTests.swift; sourceTree = "<group>"; };
		A536AA0123BFE6970011DD7D /* Info.plist */ = {isa = PBXFileReference; lastKnownFileType = text.plist.xml; path = Info.plist; sourceTree = "<group>"; };
		A595AB7A23C2A55200C4DA12 /* froala.html */ = {isa = PBXFileReference; fileEncoding = 4; lastKnownFileType = text.html; path = froala.html; sourceTree = "<group>"; };
		A595AB7B23C2A55200C4DA12 /* froala_editor.pkgd.min.js */ = {isa = PBXFileReference; fileEncoding = 4; lastKnownFileType = sourcecode.javascript; path = froala_editor.pkgd.min.js; sourceTree = "<group>"; };
		A595AB7C23C2A55200C4DA12 /* froala_editor.pkgd.min.css */ = {isa = PBXFileReference; fileEncoding = 4; lastKnownFileType = text.css; path = froala_editor.pkgd.min.css; sourceTree = "<group>"; };
		A595AB7D23C2A55200C4DA12 /* quill.html */ = {isa = PBXFileReference; fileEncoding = 4; lastKnownFileType = text.html; path = quill.html; sourceTree = "<group>"; };
		C350FA5A23BFF7BF005F0CF6 /* TextEditor.swift */ = {isa = PBXFileReference; fileEncoding = 4; lastKnownFileType = sourcecode.swift; path = TextEditor.swift; sourceTree = "<group>"; };
		C350FA5B23BFF7BF005F0CF6 /* JSCommands.swift */ = {isa = PBXFileReference; fileEncoding = 4; lastKnownFileType = sourcecode.swift; path = JSCommands.swift; sourceTree = "<group>"; };
		C352106623C54B620076EEB6 /* fr-view.html */ = {isa = PBXFileReference; fileEncoding = 4; lastKnownFileType = text.html; path = "fr-view.html"; sourceTree = "<group>"; };
		C358DE1123C6D78500E1E9EC /* TextViewer.swift */ = {isa = PBXFileReference; lastKnownFileType = sourcecode.swift; path = TextViewer.swift; sourceTree = "<group>"; };
		C3646238242B595D00A85A44 /* dark.css */ = {isa = PBXFileReference; fileEncoding = 4; lastKnownFileType = text.css; path = dark.css; sourceTree = "<group>"; };
		C364623B242B596400A85A44 /* light.css */ = {isa = PBXFileReference; fileEncoding = 4; lastKnownFileType = text.css; path = light.css; sourceTree = "<group>"; };
		C38988C8238494E20019BFF5 /* Feather.framework */ = {isa = PBXFileReference; explicitFileType = wrapper.framework; includeInIndex = 0; path = Feather.framework; sourceTree = BUILT_PRODUCTS_DIR; };
		C38988CB238494E20019BFF5 /* Feather.h */ = {isa = PBXFileReference; lastKnownFileType = sourcecode.c.h; path = Feather.h; sourceTree = "<group>"; };
		C38988CC238494E20019BFF5 /* Info.plist */ = {isa = PBXFileReference; lastKnownFileType = text.plist.xml; path = Info.plist; sourceTree = "<group>"; };
		C3D8AC9C23FE1E6500DDBA70 /* plugins.pkgd.min.js */ = {isa = PBXFileReference; fileEncoding = 4; lastKnownFileType = sourcecode.javascript; path = plugins.pkgd.min.js; sourceTree = "<group>"; };
		C3D8AC9D23FE1E6500DDBA70 /* plugins.pkgd.min.css */ = {isa = PBXFileReference; fileEncoding = 4; lastKnownFileType = text.css; path = plugins.pkgd.min.css; sourceTree = "<group>"; };
		C3D8ACA323FE1E7100DDBA70 /* dark.min.css */ = {isa = PBXFileReference; fileEncoding = 4; lastKnownFileType = text.css; path = dark.min.css; sourceTree = "<group>"; };
		C3D8ACA423FE1E7100DDBA70 /* gray.min.css */ = {isa = PBXFileReference; fileEncoding = 4; lastKnownFileType = text.css; path = gray.min.css; sourceTree = "<group>"; };
		C3D8ACA523FE1E7100DDBA70 /* royal.min.css */ = {isa = PBXFileReference; fileEncoding = 4; lastKnownFileType = text.css; path = royal.min.css; sourceTree = "<group>"; };
		C3D9E8A323C9106B00516267 /* froala_style.min.css */ = {isa = PBXFileReference; fileEncoding = 4; lastKnownFileType = text.css; path = froala_style.min.css; sourceTree = "<group>"; };
/* End PBXFileReference section */

/* Begin PBXFrameworksBuildPhase section */
		A50EAEAE23C11DBD000DBF40 /* Frameworks */ = {
			isa = PBXFrameworksBuildPhase;
			buildActionMask = 2147483647;
			files = (
				A50EAEB623C11DBD000DBF40 /* Feather.framework in Frameworks */,
			);
			runOnlyForDeploymentPostprocessing = 0;
		};
		A536A9EF23BFE6970011DD7D /* Frameworks */ = {
			isa = PBXFrameworksBuildPhase;
			buildActionMask = 2147483647;
			files = (
			);
			runOnlyForDeploymentPostprocessing = 0;
		};
		A536A9F723BFE6970011DD7D /* Frameworks */ = {
			isa = PBXFrameworksBuildPhase;
			buildActionMask = 2147483647;
			files = (
				A536A9FB23BFE6970011DD7D /* FeatherAppKit.framework in Frameworks */,
			);
			runOnlyForDeploymentPostprocessing = 0;
		};
		C38988C5238494E20019BFF5 /* Frameworks */ = {
			isa = PBXFrameworksBuildPhase;
			buildActionMask = 2147483647;
			files = (
			);
			runOnlyForDeploymentPostprocessing = 0;
		};
/* End PBXFrameworksBuildPhase section */

/* Begin PBXGroup section */
		A504960B23C1265C008F3069 /* Source */ = {
			isa = PBXGroup;
			children = (
				A536A9F323BFE6970011DD7D /* FeatherAppKit */,
				C38988CA238494E20019BFF5 /* Feather */,
				C350FA5A23BFF7BF005F0CF6 /* TextEditor.swift */,
				C358DE1123C6D78500E1E9EC /* TextViewer.swift */,
				C350FA5B23BFF7BF005F0CF6 /* JSCommands.swift */,
			);
			path = Source;
			sourceTree = "<group>";
		};
		A50EAEB223C11DBD000DBF40 /* FeatherTests */ = {
			isa = PBXGroup;
			children = (
				A50EAEB323C11DBD000DBF40 /* FeatherTests.swift */,
				A50EAEB523C11DBD000DBF40 /* Info.plist */,
			);
			path = FeatherTests;
			sourceTree = "<group>";
		};
		A536A9F323BFE6970011DD7D /* FeatherAppKit */ = {
			isa = PBXGroup;
			children = (
				A536A9F423BFE6970011DD7D /* FeatherAppKit.h */,
				A536A9F523BFE6970011DD7D /* Info.plist */,
			);
			path = FeatherAppKit;
			sourceTree = "<group>";
		};
		A536A9FE23BFE6970011DD7D /* FeatherAppKitTests */ = {
			isa = PBXGroup;
			children = (
				A536A9FF23BFE6970011DD7D /* FeatherAppKitTests.swift */,
				A536AA0123BFE6970011DD7D /* Info.plist */,
			);
			path = FeatherAppKitTests;
			sourceTree = "<group>";
		};
		A595AB7923C2A55200C4DA12 /* Resources */ = {
			isa = PBXGroup;
			children = (
				C3D8ACA223FE1E7100DDBA70 /* Themes */,
				C352106623C54B620076EEB6 /* fr-view.html */,
				A595AB7A23C2A55200C4DA12 /* froala.html */,
				A595AB7B23C2A55200C4DA12 /* froala_editor.pkgd.min.js */,
				A595AB7C23C2A55200C4DA12 /* froala_editor.pkgd.min.css */,
				C3D9E8A323C9106B00516267 /* froala_style.min.css */,
				C3D8AC9D23FE1E6500DDBA70 /* plugins.pkgd.min.css */,
				C3D8AC9C23FE1E6500DDBA70 /* plugins.pkgd.min.js */,
				A595AB7D23C2A55200C4DA12 /* quill.html */,
			);
			path = Resources;
			sourceTree = "<group>";
		};
		C38988BE238494E20019BFF5 = {
			isa = PBXGroup;
			children = (
				A595AB7923C2A55200C4DA12 /* Resources */,
				A504960B23C1265C008F3069 /* Source */,
				A50EAEB223C11DBD000DBF40 /* FeatherTests */,
				A536A9FE23BFE6970011DD7D /* FeatherAppKitTests */,
				C38988C9238494E20019BFF5 /* Products */,
			);
			sourceTree = "<group>";
		};
		C38988C9238494E20019BFF5 /* Products */ = {
			isa = PBXGroup;
			children = (
				C38988C8238494E20019BFF5 /* Feather.framework */,
				A536A9F223BFE6970011DD7D /* FeatherAppKit.framework */,
				A536A9FA23BFE6970011DD7D /* FeatherAppKitTests.xctest */,
				A50EAEB123C11DBD000DBF40 /* FeatherTests.xctest */,
			);
			name = Products;
			sourceTree = "<group>";
		};
		C38988CA238494E20019BFF5 /* Feather */ = {
			isa = PBXGroup;
			children = (
				C38988CB238494E20019BFF5 /* Feather.h */,
				C38988CC238494E20019BFF5 /* Info.plist */,
			);
			path = Feather;
			sourceTree = "<group>";
		};
		C3D8ACA223FE1E7100DDBA70 /* Themes */ = {
			isa = PBXGroup;
			children = (
				C3646238242B595D00A85A44 /* dark.css */,
				C364623B242B596400A85A44 /* light.css */,
				C3D8ACA323FE1E7100DDBA70 /* dark.min.css */,
				C3D8ACA423FE1E7100DDBA70 /* gray.min.css */,
				C3D8ACA523FE1E7100DDBA70 /* royal.min.css */,
			);
			path = Themes;
			sourceTree = "<group>";
		};
/* End PBXGroup section */

/* Begin PBXHeadersBuildPhase section */
		A536A9ED23BFE6970011DD7D /* Headers */ = {
			isa = PBXHeadersBuildPhase;
			buildActionMask = 2147483647;
			files = (
				A536AA0223BFE6970011DD7D /* FeatherAppKit.h in Headers */,
			);
			runOnlyForDeploymentPostprocessing = 0;
		};
		C38988C3238494E20019BFF5 /* Headers */ = {
			isa = PBXHeadersBuildPhase;
			buildActionMask = 2147483647;
			files = (
				C38988CD238494E20019BFF5 /* Feather.h in Headers */,
			);
			runOnlyForDeploymentPostprocessing = 0;
		};
/* End PBXHeadersBuildPhase section */

/* Begin PBXNativeTarget section */
		A50EAEB023C11DBD000DBF40 /* FeatherTests */ = {
			isa = PBXNativeTarget;
			buildConfigurationList = A50EAEB923C11DBD000DBF40 /* Build configuration list for PBXNativeTarget "FeatherTests" */;
			buildPhases = (
				A50EAEAD23C11DBD000DBF40 /* Sources */,
				A50EAEAE23C11DBD000DBF40 /* Frameworks */,
				A50EAEAF23C11DBD000DBF40 /* Resources */,
			);
			buildRules = (
			);
			dependencies = (
				A50EAEB823C11DBD000DBF40 /* PBXTargetDependency */,
			);
			name = FeatherTests;
			productName = FeatherTests;
			productReference = A50EAEB123C11DBD000DBF40 /* FeatherTests.xctest */;
			productType = "com.apple.product-type.bundle.unit-test";
		};
		A536A9F123BFE6970011DD7D /* FeatherAppKit */ = {
			isa = PBXNativeTarget;
			buildConfigurationList = A536AA0723BFE6970011DD7D /* Build configuration list for PBXNativeTarget "FeatherAppKit" */;
			buildPhases = (
				A536A9ED23BFE6970011DD7D /* Headers */,
				A536A9EE23BFE6970011DD7D /* Sources */,
				A536A9EF23BFE6970011DD7D /* Frameworks */,
				A536A9F023BFE6970011DD7D /* Resources */,
			);
			buildRules = (
			);
			dependencies = (
			);
			name = FeatherAppKit;
			productName = featherAppKit;
			productReference = A536A9F223BFE6970011DD7D /* FeatherAppKit.framework */;
			productType = "com.apple.product-type.framework";
		};
		A536A9F923BFE6970011DD7D /* FeatherAppKitTests */ = {
			isa = PBXNativeTarget;
			buildConfigurationList = A536AA0823BFE6970011DD7D /* Build configuration list for PBXNativeTarget "FeatherAppKitTests" */;
			buildPhases = (
				A536A9F623BFE6970011DD7D /* Sources */,
				A536A9F723BFE6970011DD7D /* Frameworks */,
				A536A9F823BFE6970011DD7D /* Resources */,
			);
			buildRules = (
			);
			dependencies = (
				A536A9FD23BFE6970011DD7D /* PBXTargetDependency */,
			);
			name = FeatherAppKitTests;
			productName = featherAppKitTests;
			productReference = A536A9FA23BFE6970011DD7D /* FeatherAppKitTests.xctest */;
			productType = "com.apple.product-type.bundle.unit-test";
		};
		C38988C7238494E20019BFF5 /* Feather */ = {
			isa = PBXNativeTarget;
			buildConfigurationList = C38988D0238494E20019BFF5 /* Build configuration list for PBXNativeTarget "Feather" */;
			buildPhases = (
				C38988C3238494E20019BFF5 /* Headers */,
				C38988C4238494E20019BFF5 /* Sources */,
				C38988C5238494E20019BFF5 /* Frameworks */,
				C38988C6238494E20019BFF5 /* Resources */,
			);
			buildRules = (
			);
			dependencies = (
			);
			name = Feather;
			productName = feather;
			productReference = C38988C8238494E20019BFF5 /* Feather.framework */;
			productType = "com.apple.product-type.framework";
		};
/* End PBXNativeTarget section */

/* Begin PBXProject section */
		C38988BF238494E20019BFF5 /* Project object */ = {
			isa = PBXProject;
			attributes = {
				LastSwiftUpdateCheck = 1130;
				LastUpgradeCheck = 1120;
				ORGANIZATIONNAME = "Douglas Hewitt";
				TargetAttributes = {
					A50EAEB023C11DBD000DBF40 = {
						CreatedOnToolsVersion = 11.3;
					};
					A536A9F123BFE6970011DD7D = {
						CreatedOnToolsVersion = 11.3;
					};
					A536A9F923BFE6970011DD7D = {
						CreatedOnToolsVersion = 11.3;
					};
					C38988C7238494E20019BFF5 = {
						CreatedOnToolsVersion = 11.2.1;
						LastSwiftMigration = 1150;
					};
				};
			};
			buildConfigurationList = C38988C2238494E20019BFF5 /* Build configuration list for PBXProject "Feather" */;
			compatibilityVersion = "Xcode 9.3";
			developmentRegion = en;
			hasScannedForEncodings = 0;
			knownRegions = (
				en,
				Base,
			);
			mainGroup = C38988BE238494E20019BFF5;
			productRefGroup = C38988C9238494E20019BFF5 /* Products */;
			projectDirPath = "";
			projectRoot = "";
			targets = (
				C38988C7238494E20019BFF5 /* Feather */,
				A536A9F123BFE6970011DD7D /* FeatherAppKit */,
				A536A9F923BFE6970011DD7D /* FeatherAppKitTests */,
				A50EAEB023C11DBD000DBF40 /* FeatherTests */,
			);
		};
/* End PBXProject section */

/* Begin PBXResourcesBuildPhase section */
		A50EAEAF23C11DBD000DBF40 /* Resources */ = {
			isa = PBXResourcesBuildPhase;
			buildActionMask = 2147483647;
			files = (
				A504960923C120C3008F3069 /* FeatherTests.xctest in Resources */,
			);
			runOnlyForDeploymentPostprocessing = 0;
		};
		A536A9F023BFE6970011DD7D /* Resources */ = {
			isa = PBXResourcesBuildPhase;
			buildActionMask = 2147483647;
			files = (
				C364623D242B596400A85A44 /* light.css in Resources */,
				A595AB8523C2A55200C4DA12 /* quill.html in Resources */,
				A595AB7F23C2A55200C4DA12 /* froala.html in Resources */,
				C3D8ACA923FE1E7100DDBA70 /* gray.min.css in Resources */,
				C3D9E8A523C9106B00516267 /* froala_style.min.css in Resources */,
				C3D8ACA123FE1E6500DDBA70 /* plugins.pkgd.min.css in Resources */,
				C364623A242B595D00A85A44 /* dark.css in Resources */,
				C3D8ACAB23FE1E7100DDBA70 /* royal.min.css in Resources */,
				C3D8ACA723FE1E7100DDBA70 /* dark.min.css in Resources */,
				C352106823C54B620076EEB6 /* fr-view.html in Resources */,
				A595AB8123C2A55200C4DA12 /* froala_editor.pkgd.min.js in Resources */,
				C3D8AC9F23FE1E6500DDBA70 /* plugins.pkgd.min.js in Resources */,
				A595AB8323C2A55200C4DA12 /* froala_editor.pkgd.min.css in Resources */,
			);
			runOnlyForDeploymentPostprocessing = 0;
		};
		A536A9F823BFE6970011DD7D /* Resources */ = {
			isa = PBXResourcesBuildPhase;
			buildActionMask = 2147483647;
			files = (
				C350FA9023C004A9005F0CF6 /* FeatherAppKitTests.xctest in Resources */,
			);
			runOnlyForDeploymentPostprocessing = 0;
		};
		C38988C6238494E20019BFF5 /* Resources */ = {
			isa = PBXResourcesBuildPhase;
			buildActionMask = 2147483647;
			files = (
				C364623C242B596400A85A44 /* light.css in Resources */,
				A595AB8423C2A55200C4DA12 /* quill.html in Resources */,
				A595AB7E23C2A55200C4DA12 /* froala.html in Resources */,
				C3D8ACA823FE1E7100DDBA70 /* gray.min.css in Resources */,
				C3D9E8A423C9106B00516267 /* froala_style.min.css in Resources */,
				C3D8ACA023FE1E6500DDBA70 /* plugins.pkgd.min.css in Resources */,
				C3646239242B595D00A85A44 /* dark.css in Resources */,
				C3D8ACAA23FE1E7100DDBA70 /* royal.min.css in Resources */,
				C3D8ACA623FE1E7100DDBA70 /* dark.min.css in Resources */,
				C352106723C54B620076EEB6 /* fr-view.html in Resources */,
				A595AB8023C2A55200C4DA12 /* froala_editor.pkgd.min.js in Resources */,
				C3D8AC9E23FE1E6500DDBA70 /* plugins.pkgd.min.js in Resources */,
				A595AB8223C2A55200C4DA12 /* froala_editor.pkgd.min.css in Resources */,
			);
			runOnlyForDeploymentPostprocessing = 0;
		};
/* End PBXResourcesBuildPhase section */

/* Begin PBXSourcesBuildPhase section */
		A50EAEAD23C11DBD000DBF40 /* Sources */ = {
			isa = PBXSourcesBuildPhase;
			buildActionMask = 2147483647;
			files = (
				A50EAEB423C11DBD000DBF40 /* FeatherTests.swift in Sources */,
			);
			runOnlyForDeploymentPostprocessing = 0;
		};
		A536A9EE23BFE6970011DD7D /* Sources */ = {
			isa = PBXSourcesBuildPhase;
			buildActionMask = 2147483647;
			files = (
				C358DE1323C6D78500E1E9EC /* TextViewer.swift in Sources */,
				C350FA5E23BFF7BF005F0CF6 /* TextEditor.swift in Sources */,
				C350FA6023BFF7BF005F0CF6 /* JSCommands.swift in Sources */,
			);
			runOnlyForDeploymentPostprocessing = 0;
		};
		A536A9F623BFE6970011DD7D /* Sources */ = {
			isa = PBXSourcesBuildPhase;
			buildActionMask = 2147483647;
			files = (
				A536AA0023BFE6970011DD7D /* FeatherAppKitTests.swift in Sources */,
			);
			runOnlyForDeploymentPostprocessing = 0;
		};
		C38988C4238494E20019BFF5 /* Sources */ = {
			isa = PBXSourcesBuildPhase;
			buildActionMask = 2147483647;
			files = (
				C358DE1223C6D78500E1E9EC /* TextViewer.swift in Sources */,
				C350FA5D23BFF7BF005F0CF6 /* TextEditor.swift in Sources */,
				C350FA5F23BFF7BF005F0CF6 /* JSCommands.swift in Sources */,
			);
			runOnlyForDeploymentPostprocessing = 0;
		};
/* End PBXSourcesBuildPhase section */

/* Begin PBXTargetDependency section */
		A50EAEB823C11DBD000DBF40 /* PBXTargetDependency */ = {
			isa = PBXTargetDependency;
			target = C38988C7238494E20019BFF5 /* Feather */;
			targetProxy = A50EAEB723C11DBD000DBF40 /* PBXContainerItemProxy */;
		};
		A536A9FD23BFE6970011DD7D /* PBXTargetDependency */ = {
			isa = PBXTargetDependency;
			target = A536A9F123BFE6970011DD7D /* FeatherAppKit */;
			targetProxy = A536A9FC23BFE6970011DD7D /* PBXContainerItemProxy */;
		};
/* End PBXTargetDependency section */

/* Begin XCBuildConfiguration section */
		A50EAEBA23C11DBD000DBF40 /* Debug */ = {
			isa = XCBuildConfiguration;
			buildSettings = {
				CODE_SIGN_STYLE = Automatic;
				DEVELOPMENT_TEAM = 68KS6FN57P;
				INFOPLIST_FILE = FeatherTests/Info.plist;
				LD_RUNPATH_SEARCH_PATHS = (
					"$(inherited)",
					"@executable_path/Frameworks",
					"@loader_path/Frameworks",
				);
				PRODUCT_BUNDLE_IDENTIFIER = com.doug.FeatherTests;
				PRODUCT_NAME = "$(TARGET_NAME)";
				SWIFT_VERSION = 5.0;
				TARGETED_DEVICE_FAMILY = "1,2";
			};
			name = Debug;
		};
		A50EAEBB23C11DBD000DBF40 /* Release */ = {
			isa = XCBuildConfiguration;
			buildSettings = {
				CODE_SIGN_STYLE = Automatic;
				DEVELOPMENT_TEAM = 68KS6FN57P;
				INFOPLIST_FILE = FeatherTests/Info.plist;
				LD_RUNPATH_SEARCH_PATHS = (
					"$(inherited)",
					"@executable_path/Frameworks",
					"@loader_path/Frameworks",
				);
				PRODUCT_BUNDLE_IDENTIFIER = com.doug.FeatherTests;
				PRODUCT_NAME = "$(TARGET_NAME)";
				SWIFT_VERSION = 5.0;
				TARGETED_DEVICE_FAMILY = "1,2";
			};
			name = Release;
		};
		A536AA0323BFE6970011DD7D /* Debug */ = {
			isa = XCBuildConfiguration;
			buildSettings = {
				CODE_SIGN_IDENTITY = "-";
				CODE_SIGN_STYLE = Automatic;
				COMBINE_HIDPI_IMAGES = YES;
				DEFINES_MODULE = YES;
				DEVELOPMENT_TEAM = 68KS6FN57P;
				DYLIB_COMPATIBILITY_VERSION = 1;
				DYLIB_CURRENT_VERSION = 1;
				DYLIB_INSTALL_NAME_BASE = "@rpath";
				INFOPLIST_FILE = "$(SRCROOT)/Source/FeatherAppKit/Info.plist";
				INSTALL_PATH = "$(LOCAL_LIBRARY_DIR)/Frameworks";
				LD_RUNPATH_SEARCH_PATHS = (
					"$(inherited)",
					"@executable_path/../Frameworks",
					"@loader_path/Frameworks",
				);
				MACOSX_DEPLOYMENT_TARGET = 10.15;
				PRODUCT_BUNDLE_IDENTIFIER = doug.feather;
				PRODUCT_NAME = "$(TARGET_NAME:c99extidentifier)";
				SDKROOT = macosx;
				SKIP_INSTALL = YES;
				SWIFT_VERSION = 5.0;
			};
			name = Debug;
		};
		A536AA0423BFE6970011DD7D /* Release */ = {
			isa = XCBuildConfiguration;
			buildSettings = {
				CODE_SIGN_IDENTITY = "-";
				CODE_SIGN_STYLE = Automatic;
				COMBINE_HIDPI_IMAGES = YES;
				DEFINES_MODULE = YES;
				DEVELOPMENT_TEAM = 68KS6FN57P;
				DYLIB_COMPATIBILITY_VERSION = 1;
				DYLIB_CURRENT_VERSION = 1;
				DYLIB_INSTALL_NAME_BASE = "@rpath";
				INFOPLIST_FILE = "$(SRCROOT)/Source/FeatherAppKit/Info.plist";
				INSTALL_PATH = "$(LOCAL_LIBRARY_DIR)/Frameworks";
				LD_RUNPATH_SEARCH_PATHS = (
					"$(inherited)",
					"@executable_path/../Frameworks",
					"@loader_path/Frameworks",
				);
				MACOSX_DEPLOYMENT_TARGET = 10.15;
				PRODUCT_BUNDLE_IDENTIFIER = doug.feather;
				PRODUCT_NAME = "$(TARGET_NAME:c99extidentifier)";
				SDKROOT = macosx;
				SKIP_INSTALL = YES;
				SWIFT_VERSION = 5.0;
			};
			name = Release;
		};
		A536AA0523BFE6970011DD7D /* Debug */ = {
			isa = XCBuildConfiguration;
			buildSettings = {
				ALWAYS_EMBED_SWIFT_STANDARD_LIBRARIES = YES;
				CODE_SIGN_STYLE = Automatic;
				COMBINE_HIDPI_IMAGES = YES;
				DEVELOPMENT_TEAM = 68KS6FN57P;
				INFOPLIST_FILE = FeatherAppKitTests/Info.plist;
				LD_RUNPATH_SEARCH_PATHS = (
					"$(inherited)",
					"@executable_path/../Frameworks",
					"@loader_path/../Frameworks",
				);
				MACOSX_DEPLOYMENT_TARGET = 10.15;
				PRODUCT_BUNDLE_IDENTIFIER = com.doug.featherAppKitTests;
				PRODUCT_NAME = "$(TARGET_NAME)";
				SDKROOT = macosx;
				SWIFT_VERSION = 5.0;
			};
			name = Debug;
		};
		A536AA0623BFE6970011DD7D /* Release */ = {
			isa = XCBuildConfiguration;
			buildSettings = {
				ALWAYS_EMBED_SWIFT_STANDARD_LIBRARIES = YES;
				CODE_SIGN_STYLE = Automatic;
				COMBINE_HIDPI_IMAGES = YES;
				DEVELOPMENT_TEAM = 68KS6FN57P;
				INFOPLIST_FILE = FeatherAppKitTests/Info.plist;
				LD_RUNPATH_SEARCH_PATHS = (
					"$(inherited)",
					"@executable_path/../Frameworks",
					"@loader_path/../Frameworks",
				);
				MACOSX_DEPLOYMENT_TARGET = 10.15;
				PRODUCT_BUNDLE_IDENTIFIER = com.doug.featherAppKitTests;
				PRODUCT_NAME = "$(TARGET_NAME)";
				SDKROOT = macosx;
				SWIFT_VERSION = 5.0;
			};
			name = Release;
		};
		C38988CE238494E20019BFF5 /* Debug */ = {
			isa = XCBuildConfiguration;
			buildSettings = {
				ALWAYS_SEARCH_USER_PATHS = NO;
				CLANG_ANALYZER_NONNULL = YES;
				CLANG_ANALYZER_NUMBER_OBJECT_CONVERSION = YES_AGGRESSIVE;
				CLANG_CXX_LANGUAGE_STANDARD = "gnu++14";
				CLANG_CXX_LIBRARY = "libc++";
				CLANG_ENABLE_MODULES = YES;
				CLANG_ENABLE_OBJC_ARC = YES;
				CLANG_ENABLE_OBJC_WEAK = YES;
				CLANG_WARN_BLOCK_CAPTURE_AUTORELEASING = YES;
				CLANG_WARN_BOOL_CONVERSION = YES;
				CLANG_WARN_COMMA = YES;
				CLANG_WARN_CONSTANT_CONVERSION = YES;
				CLANG_WARN_DEPRECATED_OBJC_IMPLEMENTATIONS = YES;
				CLANG_WARN_DIRECT_OBJC_ISA_USAGE = YES_ERROR;
				CLANG_WARN_DOCUMENTATION_COMMENTS = YES;
				CLANG_WARN_EMPTY_BODY = YES;
				CLANG_WARN_ENUM_CONVERSION = YES;
				CLANG_WARN_INFINITE_RECURSION = YES;
				CLANG_WARN_INT_CONVERSION = YES;
				CLANG_WARN_NON_LITERAL_NULL_CONVERSION = YES;
				CLANG_WARN_OBJC_IMPLICIT_RETAIN_SELF = YES;
				CLANG_WARN_OBJC_LITERAL_CONVERSION = YES;
				CLANG_WARN_OBJC_ROOT_CLASS = YES_ERROR;
				CLANG_WARN_RANGE_LOOP_ANALYSIS = YES;
				CLANG_WARN_STRICT_PROTOTYPES = YES;
				CLANG_WARN_SUSPICIOUS_MOVE = YES;
				CLANG_WARN_UNGUARDED_AVAILABILITY = YES_AGGRESSIVE;
				CLANG_WARN_UNREACHABLE_CODE = YES;
				CLANG_WARN__DUPLICATE_METHOD_MATCH = YES;
				COPY_PHASE_STRIP = NO;
				CURRENT_PROJECT_VERSION = 1;
				DEBUG_INFORMATION_FORMAT = dwarf;
				ENABLE_STRICT_OBJC_MSGSEND = YES;
				ENABLE_TESTABILITY = YES;
				GCC_C_LANGUAGE_STANDARD = gnu11;
				GCC_DYNAMIC_NO_PIC = NO;
				GCC_NO_COMMON_BLOCKS = YES;
				GCC_OPTIMIZATION_LEVEL = 0;
				GCC_PREPROCESSOR_DEFINITIONS = (
					"DEBUG=1",
					"$(inherited)",
				);
				GCC_WARN_64_TO_32_BIT_CONVERSION = YES;
				GCC_WARN_ABOUT_RETURN_TYPE = YES_ERROR;
				GCC_WARN_UNDECLARED_SELECTOR = YES;
				GCC_WARN_UNINITIALIZED_AUTOS = YES_AGGRESSIVE;
				GCC_WARN_UNUSED_FUNCTION = YES;
				GCC_WARN_UNUSED_VARIABLE = YES;
				IPHONEOS_DEPLOYMENT_TARGET = 13.1;
				MTL_ENABLE_DEBUG_INFO = INCLUDE_SOURCE;
				MTL_FAST_MATH = YES;
				ONLY_ACTIVE_ARCH = YES;
				SDKROOT = iphoneos;
				SWIFT_ACTIVE_COMPILATION_CONDITIONS = DEBUG;
				SWIFT_OPTIMIZATION_LEVEL = "-Onone";
				VERSIONING_SYSTEM = "apple-generic";
				VERSION_INFO_PREFIX = "";
			};
			name = Debug;
		};
		C38988CF238494E20019BFF5 /* Release */ = {
			isa = XCBuildConfiguration;
			buildSettings = {
				ALWAYS_SEARCH_USER_PATHS = NO;
				CLANG_ANALYZER_NONNULL = YES;
				CLANG_ANALYZER_NUMBER_OBJECT_CONVERSION = YES_AGGRESSIVE;
				CLANG_CXX_LANGUAGE_STANDARD = "gnu++14";
				CLANG_CXX_LIBRARY = "libc++";
				CLANG_ENABLE_MODULES = YES;
				CLANG_ENABLE_OBJC_ARC = YES;
				CLANG_ENABLE_OBJC_WEAK = YES;
				CLANG_WARN_BLOCK_CAPTURE_AUTORELEASING = YES;
				CLANG_WARN_BOOL_CONVERSION = YES;
				CLANG_WARN_COMMA = YES;
				CLANG_WARN_CONSTANT_CONVERSION = YES;
				CLANG_WARN_DEPRECATED_OBJC_IMPLEMENTATIONS = YES;
				CLANG_WARN_DIRECT_OBJC_ISA_USAGE = YES_ERROR;
				CLANG_WARN_DOCUMENTATION_COMMENTS = YES;
				CLANG_WARN_EMPTY_BODY = YES;
				CLANG_WARN_ENUM_CONVERSION = YES;
				CLANG_WARN_INFINITE_RECURSION = YES;
				CLANG_WARN_INT_CONVERSION = YES;
				CLANG_WARN_NON_LITERAL_NULL_CONVERSION = YES;
				CLANG_WARN_OBJC_IMPLICIT_RETAIN_SELF = YES;
				CLANG_WARN_OBJC_LITERAL_CONVERSION = YES;
				CLANG_WARN_OBJC_ROOT_CLASS = YES_ERROR;
				CLANG_WARN_RANGE_LOOP_ANALYSIS = YES;
				CLANG_WARN_STRICT_PROTOTYPES = YES;
				CLANG_WARN_SUSPICIOUS_MOVE = YES;
				CLANG_WARN_UNGUARDED_AVAILABILITY = YES_AGGRESSIVE;
				CLANG_WARN_UNREACHABLE_CODE = YES;
				CLANG_WARN__DUPLICATE_METHOD_MATCH = YES;
				COPY_PHASE_STRIP = NO;
				CURRENT_PROJECT_VERSION = 1;
				DEBUG_INFORMATION_FORMAT = "dwarf-with-dsym";
				ENABLE_NS_ASSERTIONS = NO;
				ENABLE_STRICT_OBJC_MSGSEND = YES;
				GCC_C_LANGUAGE_STANDARD = gnu11;
				GCC_NO_COMMON_BLOCKS = YES;
				GCC_WARN_64_TO_32_BIT_CONVERSION = YES;
				GCC_WARN_ABOUT_RETURN_TYPE = YES_ERROR;
				GCC_WARN_UNDECLARED_SELECTOR = YES;
				GCC_WARN_UNINITIALIZED_AUTOS = YES_AGGRESSIVE;
				GCC_WARN_UNUSED_FUNCTION = YES;
				GCC_WARN_UNUSED_VARIABLE = YES;
				IPHONEOS_DEPLOYMENT_TARGET = 13.1;
				MTL_ENABLE_DEBUG_INFO = NO;
				MTL_FAST_MATH = YES;
				SDKROOT = iphoneos;
				SWIFT_COMPILATION_MODE = wholemodule;
				SWIFT_OPTIMIZATION_LEVEL = "-O";
				VALIDATE_PRODUCT = YES;
				VERSIONING_SYSTEM = "apple-generic";
				VERSION_INFO_PREFIX = "";
			};
			name = Release;
		};
		C38988D1238494E20019BFF5 /* Debug */ = {
			isa = XCBuildConfiguration;
			buildSettings = {
				CLANG_ENABLE_MODULES = YES;
				"CODE_SIGN_IDENTITY[sdk=macosx*]" = "-";
				CODE_SIGN_STYLE = Automatic;
				DEFINES_MODULE = YES;
				DEVELOPMENT_TEAM = 68KS6FN57P;
				DYLIB_COMPATIBILITY_VERSION = 1;
				DYLIB_CURRENT_VERSION = 1;
				DYLIB_INSTALL_NAME_BASE = "@rpath";
				INFOPLIST_FILE = "$(SRCROOT)/Source/Feather/Info.plist";
				INSTALL_PATH = "$(LOCAL_LIBRARY_DIR)/Frameworks";
				IPHONEOS_DEPLOYMENT_TARGET = 13.1;
				LD_RUNPATH_SEARCH_PATHS = (
					"$(inherited)",
					"@executable_path/Frameworks",
					"@loader_path/Frameworks",
				);
				PRODUCT_BUNDLE_IDENTIFIER = doug.feather;
				PRODUCT_NAME = Feather;
				SKIP_INSTALL = YES;
				SWIFT_OPTIMIZATION_LEVEL = "-Onone";
				SWIFT_VERSION = 5.0;
				TARGETED_DEVICE_FAMILY = "1,2";
			};
			name = Debug;
		};
		C38988D2238494E20019BFF5 /* Release */ = {
			isa = XCBuildConfiguration;
			buildSettings = {
				CLANG_ENABLE_MODULES = YES;
				"CODE_SIGN_IDENTITY[sdk=macosx*]" = "-";
				CODE_SIGN_STYLE = Automatic;
				DEFINES_MODULE = YES;
				DEVELOPMENT_TEAM = 68KS6FN57P;
				DYLIB_COMPATIBILITY_VERSION = 1;
				DYLIB_CURRENT_VERSION = 1;
				DYLIB_INSTALL_NAME_BASE = "@rpath";
				INFOPLIST_FILE = "$(SRCROOT)/Source/Feather/Info.plist";
				INSTALL_PATH = "$(LOCAL_LIBRARY_DIR)/Frameworks";
				IPHONEOS_DEPLOYMENT_TARGET = 13.1;
				LD_RUNPATH_SEARCH_PATHS = (
					"$(inherited)",
					"@executable_path/Frameworks",
					"@loader_path/Frameworks",
				);
				PRODUCT_BUNDLE_IDENTIFIER = doug.feather;
				PRODUCT_NAME = Feather;
				SKIP_INSTALL = YES;
				SWIFT_VERSION = 5.0;
				TARGETED_DEVICE_FAMILY = "1,2";
			};
			name = Release;
		};
/* End XCBuildConfiguration section */

/* Begin XCConfigurationList section */
		A50EAEB923C11DBD000DBF40 /* Build configuration list for PBXNativeTarget "FeatherTests" */ = {
			isa = XCConfigurationList;
			buildConfigurations = (
				A50EAEBA23C11DBD000DBF40 /* Debug */,
				A50EAEBB23C11DBD000DBF40 /* Release */,
			);
			defaultConfigurationIsVisible = 0;
			defaultConfigurationName = Release;
		};
		A536AA0723BFE6970011DD7D /* Build configuration list for PBXNativeTarget "FeatherAppKit" */ = {
			isa = XCConfigurationList;
			buildConfigurations = (
				A536AA0323BFE6970011DD7D /* Debug */,
				A536AA0423BFE6970011DD7D /* Release */,
			);
			defaultConfigurationIsVisible = 0;
			defaultConfigurationName = Release;
		};
		A536AA0823BFE6970011DD7D /* Build configuration list for PBXNativeTarget "FeatherAppKitTests" */ = {
			isa = XCConfigurationList;
			buildConfigurations = (
				A536AA0523BFE6970011DD7D /* Debug */,
				A536AA0623BFE6970011DD7D /* Release */,
			);
			defaultConfigurationIsVisible = 0;
			defaultConfigurationName = Release;
		};
		C38988C2238494E20019BFF5 /* Build configuration list for PBXProject "Feather" */ = {
			isa = XCConfigurationList;
			buildConfigurations = (
				C38988CE238494E20019BFF5 /* Debug */,
				C38988CF238494E20019BFF5 /* Release */,
			);
			defaultConfigurationIsVisible = 0;
			defaultConfigurationName = Release;
		};
		C38988D0238494E20019BFF5 /* Build configuration list for PBXNativeTarget "Feather" */ = {
			isa = XCConfigurationList;
			buildConfigurations = (
				C38988D1238494E20019BFF5 /* Debug */,
				C38988D2238494E20019BFF5 /* Release */,
			);
			defaultConfigurationIsVisible = 0;
			defaultConfigurationName = Release;
		};
/* End XCConfigurationList section */
	};
	rootObject = C38988BF238494E20019BFF5 /* Project object */;
}
